{
  "lockfileVersion": 1,
  "configVersion": 1,
  "workspaces": {
    "": {
      "dependencies": {
        "@modelcontextprotocol/server": "^2.2.0",
        "marked": "^18.0.14",
        "preact": "^10.29.8",
        "zod": "^4.6.5",
      },
    },
  },
  "packages": {
    "@modelcontextprotocol/core": ["@modelcontextprotocol/core@2.2.0", "", { "dependencies": { "zod": "^4.2.0" } }, "sha512-iLhmprRmWI8EcosOA3wVvww22z02NkgqhV4fBH6f/odQBsi7xnJc0HGmi21yWO+/iKw2yzqVE127Zhna5/+JXw=="],

    "@modelcontextprotocol/server": ["@modelcontextprotocol/server@2.2.0", "", { "dependencies": { "@modelcontextprotocol/core": "2.2.0", "zod": "^4.2.0" } }, "sha512-qFnltjus6Gk8Lx6J1w2RXmr3YPN22MNT6qD6zjAkaiWIlFIFxWClz0rXHNuJF/KSUyn5YGhkSvXkWDbQHVLFEQ=="],

    "marked": ["marked@18.0.14", "", { "bin": { "marked": "bin/marked.js" } }, "sha512-mBHK6FBHuBAlhgRe88w9F0O1AbwwXJUcQibUbC/QcdTbVGAD7aWza+xt3N6oT/jCZx3/OMeS+8rnuiHZcQ9s7A=="],

    "preact": ["preact@10.29.8", "", { "peerDependencies": { "preact-render-to-string": ">=5" }, "optionalPeers": ["preact-render-to-string"] }, "sha512-ej2aVZ+vZ8WO7tvlQWRM9N63A0KzF9q4mWJfDUHgYaIofWY9hu74QdnQrjoPMmZi2/nZ5gN0bJCQF49xQqx09Q=="],

    "zod": ["zod@4.6.5", "", {}, "sha512-v5l/aFXZQeai4awLbOpSoHecE9UiMrnfx75tEXLjNonXVARxQ5mOeipTjROUchszUNCqnE+hqAMujRsRHsut2Q=="],
  }
}
